
Microsoft Visual Studio Solution File, Format Version 11.00
# Visual Studio 2010
Project("{8BC9CEB8-8B4A-11D0-8D11-00A0C91BC942}") = "GameShortcut", "GameShortcut\GameShortcut.vcxproj", "{6B4B454B-99B3-40A8-9F24-4F86DDAC43C5}"
EndProject
Project("{8BC9CEB8-8B4A-11D0-8D11-00A0C91BC942}") = "Publisher", "Publisher\Publisher.vcxproj", "{B8E53CFE-1F72-4645-963D-351069AD6B71}"
EndProject
Global
	GlobalSection(SolutionConfigurationPlatforms) = preSolution
		Release|Win32 = Release|Win32
		Release|Xbox 360 = Release|Xbox 360
	EndGlobalSection
	GlobalSection(ProjectConfigurationPlatforms) = postSolution
		{6B4B454B-99B3-40A8-9F24-4F86DDAC43C5}.Release|Win32.ActiveCfg = Release|Xbox 360
		{6B4B454B-99B3-40A8-9F24-4F86DDAC43C5}.Release|Xbox 360.ActiveCfg = Release|Xbox 360
		{6B4B454B-99B3-40A8-9F24-4F86DDAC43C5}.Release|Xbox 360.Build.0 = Release|Xbox 360
		{6B4B454B-99B3-40A8-9F24-4F86DDAC43C5}.Release|Xbox 360.Deploy.0 = Release|Xbox 360
		{B8E53CFE-1F72-4645-963D-351069AD6B71}.Release|Win32.ActiveCfg = Release|Win32
		{B8E53CFE-1F72-4645-963D-351069AD6B71}.Release|Win32.Build.0 = Release|Win32
		{B8E53CFE-1F72-4645-963D-351069AD6B71}.Release|Xbox 360.ActiveCfg = Release|Win32
	EndGlobalSection
	GlobalSection(SolutionProperties) = preSolution
		HideSolutionNode = FALSE
	EndGlobalSection
EndGlobal
